{
  "name": "UserStalkerHelper",
  "lockfileVersion": 2,
  "requires": true,
  "packages": {
    "": {
      "devDependencies": {
        "@types/greasemonkey": "^4.0.2",
        "@types/tampermonkey": "^4.0.5",
        "@userscripters/stackexchange-global-types": "^2.2.1"
      }
    },
    "node_modules/@stimulus/core": {
      "version": "2.0.0",
      "resolved": "https://registry.npmjs.org/@stimulus/core/-/core-2.0.0.tgz",
      "integrity": "sha512-ff70GafKtzc8zQ1/cG+UvL06GcifPWovf2wBEdjLMh9xO2GOYURO3y2RYgzIGYUIBefQwyfX2CLfJdZFJrEPTw==",
      "dev": true,
      "dependencies": {
        "@stimulus/mutation-observers": "^2.0.0"
      }
    },
    "node_modules/@stimulus/multimap": {
      "version": "2.0.0",
      "resolved": "https://registry.npmjs.org/@stimulus/multimap/-/multimap-2.0.0.tgz",
      "integrity": "sha512-pMBCewkZCFVB3e5mEMoyO9+9aKzHDITmf3OnPun51YWxlcPdHcwbjqm1ylK63fsoduIE+RowBpFwFqd3poEz4w==",
      "dev": true
    },
    "node_modules/@stimulus/mutation-observers": {
      "version": "2.0.0",
      "resolved": "https://registry.npmjs.org/@stimulus/mutation-observers/-/mutation-observers-2.0.0.tgz",
      "integrity": "sha512-kx4VAJdPhIGBQKGIoUDC2tupEKorG3A+ckc2b1UiwInKTMAC1axOHU8ebcwhaJIxRqIrs8//4SJo9YAAOx6FEg==",
      "dev": true,
      "dependencies": {
        "@stimulus/multimap": "^2.0.0"
      }
    },
    "node_modules/@stimulus/webpack-helpers": {
      "version": "2.0.0",
      "resolved": "https://registry.npmjs.org/@stimulus/webpack-helpers/-/webpack-helpers-2.0.0.tgz",
      "integrity": "sha512-D6tJWsAC024MwGEIKlUVYU8Ln87mlrmiwHvYAjipg+s8H4eLxUMQ3PZkWyPevfipH+oR3leuHsjYsK1gN5ViQA==",
      "dev": true
    },
    "node_modules/@types/greasemonkey": {
      "version": "4.0.2",
      "resolved": "https://registry.npmjs.org/@types/greasemonkey/-/greasemonkey-4.0.2.tgz",
      "integrity": "sha512-aCdl08liJA/GaT5xH8bhqbGCG6HCRU/jqs3QuJcMOsSxBDgbiif3LVLI7AF7FekPN3XxGevRHSw7ov8ITKf4Hw==",
      "dev": true
    },
    "node_modules/@types/jquery": {
      "version": "3.5.8",
      "resolved": "https://registry.npmjs.org/@types/jquery/-/jquery-3.5.8.tgz",
      "integrity": "sha512-cXk6NwqjDYg+UI9p2l3x0YmPa4m7RrXqmbK4IpVVpRJiYXU/QTo+UZrn54qfE1+9Gao4qpYqUnxm5ZCy2FTXAw==",
      "dev": true,
      "dependencies": {
        "@types/sizzle": "*"
      }
    },
    "node_modules/@types/sizzle": {
      "version": "2.3.3",
      "resolved": "https://registry.npmjs.org/@types/sizzle/-/sizzle-2.3.3.tgz",
      "integrity": "sha512-JYM8x9EGF163bEyhdJBpR2QX1R5naCJHC8ucJylJ3w9/CVBaskdQ8WqBf8MmQrd1kRvp/a4TS8HJ+bxzR7ZJYQ==",
      "dev": true
    },
    "node_modules/@types/tampermonkey": {
      "version": "4.0.5",
      "resolved": "https://registry.npmjs.org/@types/tampermonkey/-/tampermonkey-4.0.5.tgz",
      "integrity": "sha512-FGPo7d+qZkDF7vyrwY1WNhcUnfDyVpt2uyL7krAu3WKCUMCfIUzOuvt8aSk8N2axHT8XPr9stAEDGVHLvag6Pw==",
      "dev": true
    },
    "node_modules/@userscripters/stackexchange-global-types": {
      "version": "2.2.1",
      "resolved": "https://registry.npmjs.org/@userscripters/stackexchange-global-types/-/stackexchange-global-types-2.2.1.tgz",
      "integrity": "sha512-+WTeOcVbIfHFvx+GA3nxYnlhe7MY/qCXke7t4YEPnZTE4Ro4yz5nrcXGRo9sPuNalgV39oyoTC6OJTPXqJkZ1A==",
      "dev": true,
      "dependencies": {
        "@types/jquery": "^3.5.6",
        "stimulus": "^2.0.0"
      }
    },
    "node_modules/stimulus": {
      "version": "2.0.0",
      "resolved": "https://registry.npmjs.org/stimulus/-/stimulus-2.0.0.tgz",
      "integrity": "sha512-xipy7BS5TVpg4fX6S8LhrYZp7cmHGjmk09WSAiVx1gF5S5g43IWsuetfUhIk8HfHUG+4MQ9nY0FQz4dRFLs/8w==",
      "dev": true,
      "dependencies": {
        "@stimulus/core": "^2.0.0",
        "@stimulus/webpack-helpers": "^2.0.0"
      }
    }
  },
  "dependencies": {
    "@stimulus/core": {
      "version": "2.0.0",
      "resolved": "https://registry.npmjs.org/@stimulus/core/-/core-2.0.0.tgz",
      "integrity": "sha512-ff70GafKtzc8zQ1/cG+UvL06GcifPWovf2wBEdjLMh9xO2GOYURO3y2RYgzIGYUIBefQwyfX2CLfJdZFJrEPTw==",
      "dev": true,
      "requires": {
        "@stimulus/mutation-observers": "^2.0.0"
      }
    },
    "@stimulus/multimap": {
      "version": "2.0.0",
      "resolved": "https://registry.npmjs.org/@stimulus/multimap/-/multimap-2.0.0.tgz",
      "integrity": "sha512-pMBCewkZCFVB3e5mEMoyO9+9aKzHDITmf3OnPun51YWxlcPdHcwbjqm1ylK63fsoduIE+RowBpFwFqd3poEz4w==",
      "dev": true
    },
    "@stimulus/mutation-observers": {
      "version": "2.0.0",
      "resolved": "https://registry.npmjs.org/@stimulus/mutation-observers/-/mutation-observers-2.0.0.tgz",
      "integrity": "sha512-kx4VAJdPhIGBQKGIoUDC2tupEKorG3A+ckc2b1UiwInKTMAC1axOHU8ebcwhaJIxRqIrs8//4SJo9YAAOx6FEg==",
      "dev": true,
      "requires": {
        "@stimulus/multimap": "^2.0.0"
      }
    },
    "@stimulus/webpack-helpers": {
      "version": "2.0.0",
      "resolved": "https://registry.npmjs.org/@stimulus/webpack-helpers/-/webpack-helpers-2.0.0.tgz",
      "integrity": "sha512-D6tJWsAC024MwGEIKlUVYU8Ln87mlrmiwHvYAjipg+s8H4eLxUMQ3PZkWyPevfipH+oR3leuHsjYsK1gN5ViQA==",
      "dev": true
    },
    "@types/greasemonkey": {
      "version": "4.0.2",
      "resolved": "https://registry.npmjs.org/@types/greasemonkey/-/greasemonkey-4.0.2.tgz",
      "integrity": "sha512-aCdl08liJA/GaT5xH8bhqbGCG6HCRU/jqs3QuJcMOsSxBDgbiif3LVLI7AF7FekPN3XxGevRHSw7ov8ITKf4Hw==",
      "dev": true
    },
    "@types/jquery": {
      "version": "3.5.8",
      "resolved": "https://registry.npmjs.org/@types/jquery/-/jquery-3.5.8.tgz",
      "integrity": "sha512-cXk6NwqjDYg+UI9p2l3x0YmPa4m7RrXqmbK4IpVVpRJiYXU/QTo+UZrn54qfE1+9Gao4qpYqUnxm5ZCy2FTXAw==",
      "dev": true,
      "requires": {
        "@types/sizzle": "*"
      }
    },
    "@types/sizzle": {
      "version": "2.3.3",
      "resolved": "https://registry.npmjs.org/@types/sizzle/-/sizzle-2.3.3.tgz",
      "integrity": "sha512-JYM8x9EGF163bEyhdJBpR2QX1R5naCJHC8ucJylJ3w9/CVBaskdQ8WqBf8MmQrd1kRvp/a4TS8HJ+bxzR7ZJYQ==",
      "dev": true
    },
    "@types/tampermonkey": {
      "version": "4.0.5",
      "resolved": "https://registry.npmjs.org/@types/tampermonkey/-/tampermonkey-4.0.5.tgz",
      "integrity": "sha512-FGPo7d+qZkDF7vyrwY1WNhcUnfDyVpt2uyL7krAu3WKCUMCfIUzOuvt8aSk8N2axHT8XPr9stAEDGVHLvag6Pw==",
      "dev": true
    },
    "@userscripters/stackexchange-global-types": {
      "version": "2.2.1",
      "resolved": "https://registry.npmjs.org/@userscripters/stackexchange-global-types/-/stackexchange-global-types-2.2.1.tgz",
      "integrity": "sha512-+WTeOcVbIfHFvx+GA3nxYnlhe7MY/qCXke7t4YEPnZTE4Ro4yz5nrcXGRo9sPuNalgV39oyoTC6OJTPXqJkZ1A==",
      "dev": true,
      "requires": {
        "@types/jquery": "^3.5.6",
        "stimulus": "^2.0.0"
      }
    },
    "stimulus": {
      "version": "2.0.0",
      "resolved": "https://registry.npmjs.org/stimulus/-/stimulus-2.0.0.tgz",
      "integrity": "sha512-xipy7BS5TVpg4fX6S8LhrYZp7cmHGjmk09WSAiVx1gF5S5g43IWsuetfUhIk8HfHUG+4MQ9nY0FQz4dRFLs/8w==",
      "dev": true,
      "requires": {
        "@stimulus/core": "^2.0.0",
        "@stimulus/webpack-helpers": "^2.0.0"
      }
    }
  }
}
